
Microsoft Visual Studio Solution File, Format Version 12.00
# Visual Studio 2013
VisualStudioVersion = 12.0.30501.0
MinimumVisualStudioVersion = 10.0.40219.1
Project("{FAE04EC0-301F-11D3-BF4B-00C04F79EFBC}") = "File_Downloader_Manager", "File_Downloader_Manager\File_Downloader_Manager.csproj", "{B8640CC1-E229-4507-81C4-EC571AA1E2AD}"
EndProject
Global
	GlobalSection(SolutionConfigurationPlatforms) = preSolution
		Debug|Any CPU = Debug|Any CPU
		Release|Any CPU = Release|Any CPU
	EndGlobalSection
	GlobalSection(ProjectConfigurationPlatforms) = postSolution
		{B8640CC1-E229-4507-81C4-EC571AA1E2AD}.Debug|Any CPU.ActiveCfg = Debug|Any CPU
		{B8640CC1-E229-4507-81C4-EC571AA1E2AD}.Debug|Any CPU.Build.0 = Debug|Any CPU
		{B8640CC1-E229-4507-81C4-EC571AA1E2AD}.Release|Any CPU.ActiveCfg = Release|Any CPU
		{B8640CC1-E229-4507-81C4-EC571AA1E2AD}.Release|Any CPU.Build.0 = Release|Any CPU
	EndGlobalSection
	GlobalSection(SolutionProperties) = preSolution
		HideSolutionNode = FALSE
	EndGlobalSection
EndGlobal
